
Microsoft Visual Studio Solution File, Format Version 12.00
# Visual Studio Version 17
VisualStudioVersion = 17.14.36327.8 d17.14
MinimumVisualStudioVersion = 10.0.40219.1
Project("{FAE04EC0-301F-11D3-BF4B-00C04F79EFBC}") = "To_do_list", "To_do_list\To_do_list.csproj", "{275369CC-6CF2-4C5B-982D-4C0D4F293217}"
EndProject
Global
	GlobalSection(SolutionConfigurationPlatforms) = preSolution
		Debug|Any CPU = Debug|Any CPU
		Release|Any CPU = Release|Any CPU
	EndGlobalSection
	GlobalSection(ProjectConfigurationPlatforms) = postSolution
		{275369CC-6CF2-4C5B-982D-4C0D4F293217}.Debug|Any CPU.ActiveCfg = Debug|Any CPU
		{275369CC-6CF2-4C5B-982D-4C0D4F293217}.Debug|Any CPU.Build.0 = Debug|Any CPU
		{275369CC-6CF2-4C5B-982D-4C0D4F293217}.Release|Any CPU.ActiveCfg = Release|Any CPU
		{275369CC-6CF2-4C5B-982D-4C0D4F293217}.Release|Any CPU.Build.0 = Release|Any CPU
	EndGlobalSection
	GlobalSection(SolutionProperties) = preSolution
		HideSolutionNode = FALSE
	EndGlobalSection
	GlobalSection(ExtensibilityGlobals) = postSolution
		SolutionGuid = {E94FF771-BE1A-4F6F-A460-F61C67C73CE0}
	EndGlobalSection
EndGlobal
