
Microsoft Visual Studio Solution File, Format Version 12.00
# Visual Studio Version 17
VisualStudioVersion = 17.14.36327.8 d17.14
MinimumVisualStudioVersion = 10.0.40219.1
Project("{FAE04EC0-301F-11D3-BF4B-00C04F79EFBC}") = "Banking_App", "Banking_App\Banking_App.csproj", "{FAD035B4-F674-4C99-807A-153DADAB1DF9}"
EndProject
Global
	GlobalSection(SolutionConfigurationPlatforms) = preSolution
		Debug|Any CPU = Debug|Any CPU
		Release|Any CPU = Release|Any CPU
	EndGlobalSection
	GlobalSection(ProjectConfigurationPlatforms) = postSolution
		{FAD035B4-F674-4C99-807A-153DADAB1DF9}.Debug|Any CPU.ActiveCfg = Debug|Any CPU
		{FAD035B4-F674-4C99-807A-153DADAB1DF9}.Debug|Any CPU.Build.0 = Debug|Any CPU
		{FAD035B4-F674-4C99-807A-153DADAB1DF9}.Release|Any CPU.ActiveCfg = Release|Any CPU
		{FAD035B4-F674-4C99-807A-153DADAB1DF9}.Release|Any CPU.Build.0 = Release|Any CPU
	EndGlobalSection
	GlobalSection(SolutionProperties) = preSolution
		HideSolutionNode = FALSE
	EndGlobalSection
	GlobalSection(ExtensibilityGlobals) = postSolution
		SolutionGuid = {61E7BE81-BC09-4A73-8D49-608D245AB544}
	EndGlobalSection
EndGlobal
