
Microsoft Visual Studio Solution File, Format Version 12.00
# Visual Studio Version 17
VisualStudioVersion = 17.14.36327.8 d17.14
MinimumVisualStudioVersion = 10.0.40219.1
Project("{FAE04EC0-301F-11D3-BF4B-00C04F79EFBC}") = "Shape", "Shape\Shape.csproj", "{BA9BA7C5-B23C-4080-81E2-FD9AD2BFDF36}"
EndProject
Global
	GlobalSection(SolutionConfigurationPlatforms) = preSolution
		Debug|Any CPU = Debug|Any CPU
		Release|Any CPU = Release|Any CPU
	EndGlobalSection
	GlobalSection(ProjectConfigurationPlatforms) = postSolution
		{BA9BA7C5-B23C-4080-81E2-FD9AD2BFDF36}.Debug|Any CPU.ActiveCfg = Debug|Any CPU
		{BA9BA7C5-B23C-4080-81E2-FD9AD2BFDF36}.Debug|Any CPU.Build.0 = Debug|Any CPU
		{BA9BA7C5-B23C-4080-81E2-FD9AD2BFDF36}.Release|Any CPU.ActiveCfg = Release|Any CPU
		{BA9BA7C5-B23C-4080-81E2-FD9AD2BFDF36}.Release|Any CPU.Build.0 = Release|Any CPU
	EndGlobalSection
	GlobalSection(SolutionProperties) = preSolution
		HideSolutionNode = FALSE
	EndGlobalSection
	GlobalSection(ExtensibilityGlobals) = postSolution
		SolutionGuid = {3EB8C46E-5C7A-4BCC-A1B4-E6986C00E590}
	EndGlobalSection
EndGlobal
